// !$*UTF8*$!
{
	archiveVersion = 1;
	classes = {
	};
	objectVersion = 56;
	objects = {

/* Begin PBXBuildFile section */
		56D16BF62B5FDD0A0086E9AD /* AppDelegate.swift in Sources */ = {isa = PBXBuildFile; fileRef = 56D16BF52B5FDD0A0086E9AD /* AppDelegate.swift */; };
		56D16BF82B5FDD0A0086E9AD /* SceneDelegate.swift in Sources */ = {isa = PBXBuildFile; fileRef = 56D16BF72B5FDD0A0086E9AD /* SceneDelegate.swift */; };
		56D16BFA2B5FDD0A0086E9AD /* ViewController.swift in Sources */ = {isa = PBXBuildFile; fileRef = 56D16BF92B5FDD0A0086E9AD /* ViewController.swift */; };
		56D16BFD2B5FDD0A0086E9AD /* Main.storyboard in Resources */ = {isa = PBXBuildFile; fileRef = 56D16BFB2B5FDD0A0086E9AD /* Main.storyboard */; };
		56D16BFF2B5FDD0C0086E9AD /* Assets.xcassets in Resources */ = {isa = PBXBuildFile; fileRef = 56D16BFE2B5FDD0C0086E9AD /* Assets.xcassets */; };
		56D16C022B5FDD0C0086E9AD /* LaunchScreen.storyboard in Resources */ = {isa = PBXBuildFile; fileRef = 56D16C002B5FDD0C0086E9AD /* LaunchScreen.storyboard */; };
		56D16C0D2B5FDD0C0086E9AD /* LandmarkBookTests.swift in Sources */ = {isa = PBXBuildFile; fileRef = 56D16C0C2B5FDD0C0086E9AD /* LandmarkBookTests.swift */; };
		56D16C172B5FDD0C0086E9AD /* LandmarkBookUITests.swift in Sources */ = {isa = PBXBuildFile; fileRef = 56D16C162B5FDD0C0086E9AD /* LandmarkBookUITests.swift */; };
		56D16C192B5FDD0C0086E9AD /* LandmarkBookUITestsLaunchTests.swift in Sources */ = {isa = PBXBuildFile; fileRef = 56D16C182B5FDD0C0086E9AD /* LandmarkBookUITestsLaunchTests.swift */; };
		56D16C262B6002850086E9AD /* DetailsVC.swift in Sources */ = {isa = PBXBuildFile; fileRef = 56D16C252B6002850086E9AD /* DetailsVC.swift */; };
/* End PBXBuildFile section */

/* Begin PBXContainerItemProxy section */
		56D16C092B5FDD0C0086E9AD /* PBXContainerItemProxy */ = {
			isa = PBXContainerItemProxy;
			containerPortal = 56D16BEA2B5FDD0A0086E9AD /* Project object */;
			proxyType = 1;
			remoteGlobalIDString = 56D16BF12B5FDD0A0086E9AD;
			remoteInfo = LandmarkBook;
		};
		56D16C132B5FDD0C0086E9AD /* PBXContainerItemProxy */ = {
			isa = PBXContainerItemProxy;
			containerPortal = 56D16BEA2B5FDD0A0086E9AD /* Project object */;
			proxyType = 1;
			remoteGlobalIDString = 56D16BF12B5FDD0A0086E9AD;
			remoteInfo = LandmarkBook;
		};
/* End PBXContainerItemProxy section */

/* Begin PBXFileReference section */
		56D16BF22B5FDD0A0086E9AD /* LandmarkBook.app */ = {isa = PBXFileReference; explicitFileType = wrapper.application; includeInIndex = 0; path = LandmarkBook.app; sourceTree = BUILT_PRODUCTS_DIR; };
		56D16BF52B5FDD0A0086E9AD /* AppDelegate.swift */ = {isa = PBXFileReference; lastKnownFileType = sourcecode.swift; path = AppDelegate.swift; sourceTree = "<group>"; };
		56D16BF72B5FDD0A0086E9AD /* SceneDelegate.swift */ = {isa = PBXFileReference; lastKnownFileType = sourcecode.swift; path = SceneDelegate.swift; sourceTree = "<group>"; };
		56D16BF92B5FDD0A0086E9AD /* ViewController.swift */ = {isa = PBXFileReference; lastKnownFileType = sourcecode.swift; path = ViewController.swift; sourceTree = "<group>"; };
		56D16BFC2B5FDD0A0086E9AD /* Base */ = {isa = PBXFileReference; lastKnownFileType = file.storyboard; name = Base; path = Base.lproj/Main.storyboard; sourceTree = "<group>"; };
		56D16BFE2B5FDD0C0086E9AD /* Assets.xcassets */ = {isa = PBXFileReference; lastKnownFileType = folder.assetcatalog; path = Assets.xcassets; sourceTree = "<group>"; };
		56D16C012B5FDD0C0086E9AD /* Base */ = {isa = PBXFileReference; lastKnownFileType = file.storyboard; name = Base; path = Base.lproj/LaunchScreen.storyboard; sourceTree = "<group>"; };
		56D16C032B5FDD0C0086E9AD /* Info.plist */ = {isa = PBXFileReference; lastKnownFileType = text.plist.xml; path = Info.plist; sourceTree = "<group>"; };
		56D16C082B5FDD0C0086E9AD /* LandmarkBookTests.xctest */ = {isa = PBXFileReference; explicitFileType = wrapper.cfbundle; includeInIndex = 0; path = LandmarkBookTests.xctest; sourceTree = BUILT_PRODUCTS_DIR; };
		56D16C0C2B5FDD0C0086E9AD /* LandmarkBookTests.swift */ = {isa = PBXFileReference; lastKnownFileType = sourcecode.swift; path = LandmarkBookTests.swift; sourceTree = "<group>"; };
		56D16C122B5FDD0C0086E9AD /* LandmarkBookUITests.xctest */ = {isa = PBXFileReference; explicitFileType = wrapper.cfbundle; includeInIndex = 0; path = LandmarkBookUITests.xctest; sourceTree = BUILT_PRODUCTS_DIR; };
		56D16C162B5FDD0C0086E9AD /* LandmarkBookUITests.swift */ = {isa = PBXFileReference; lastKnownFileType = sourcecode.swift; path = LandmarkBookUITests.swift; sourceTree = "<group>"; };
		56D16C182B5FDD0C0086E9AD /* LandmarkBookUITestsLaunchTests.swift */ = {isa = PBXFileReference; lastKnownFileType = sourcecode.swift; path = LandmarkBookUITestsLaunchTests.swift; sourceTree = "<group>"; };
		56D16C252B6002850086E9AD /* DetailsVC.swift */ = {isa = PBXFileReference; lastKnownFileType = sourcecode.swift; path = DetailsVC.swift; sourceTree = "<group>"; };
/* End PBXFileReference section */

/* Begin PBXFrameworksBuildPhase section */
		56D16BEF2B5FDD0A0086E9AD /* Frameworks */ = {
			isa = PBXFrameworksBuildPhase;
			buildActionMask = 2147483647;
			files = (
			);
			runOnlyForDeploymentPostprocessing = 0;
		};
		56D16C052B5FDD0C0086E9AD /* Frameworks */ = {
			isa = PBXFrameworksBuildPhase;
			buildActionMask = 2147483647;
			files = (
			);
			runOnlyForDeploymentPostprocessing = 0;
		};
		56D16C0F2B5FDD0C0086E9AD /* Frameworks */ = {
			isa = PBXFrameworksBuildPhase;
			buildActionMask = 2147483647;
			files = (
			);
			runOnlyForDeploymentPostprocessing = 0;
		};
/* End PBXFrameworksBuildPhase section */

/* Begin PBXGroup section */
		56D16BE92B5FDD0A0086E9AD = {
			isa = PBXGroup;
			children = (
				56D16BF42B5FDD0A0086E9AD /* LandmarkBook */,
				56D16C0B2B5FDD0C0086E9AD /* LandmarkBookTests */,
				56D16C152B5FDD0C0086E9AD /* LandmarkBookUITests */,
				56D16BF32B5FDD0A0086E9AD /* Products */,
			);
			sourceTree = "<group>";
		};
		56D16BF32B5FDD0A0086E9AD /* Products */ = {
			isa = PBXGroup;
			children = (
				56D16BF22B5FDD0A0086E9AD /* LandmarkBook.app */,
				56D16C082B5FDD0C0086E9AD /* LandmarkBookTests.xctest */,
				56D16C122B5FDD0C0086E9AD /* LandmarkBookUITests.xctest */,
			);
			name = Products;
			sourceTree = "<group>";
		};
		56D16BF42B5FDD0A0086E9AD /* LandmarkBook */ = {
			isa = PBXGroup;
			children = (
				56D16BF52B5FDD0A0086E9AD /* AppDelegate.swift */,
				56D16BF72B5FDD0A0086E9AD /* SceneDelegate.swift */,
				56D16BF92B5FDD0A0086E9AD /* ViewController.swift */,
				56D16C252B6002850086E9AD /* DetailsVC.swift */,
				56D16BFB2B5FDD0A0086E9AD /* Main.storyboard */,
				56D16BFE2B5FDD0C0086E9AD /* Assets.xcassets */,
				56D16C002B5FDD0C0086E9AD /* LaunchScreen.storyboard */,
				56D16C032B5FDD0C0086E9AD /* Info.plist */,
			);
			path = LandmarkBook;
			sourceTree = "<group>";
		};
		56D16C0B2B5FDD0C0086E9AD /* LandmarkBookTests */ = {
			isa = PBXGroup;
			children = (
				56D16C0C2B5FDD0C0086E9AD /* LandmarkBookTests.swift */,
			);
			path = LandmarkBookTests;
			sourceTree = "<group>";
		};
		56D16C152B5FDD0C0086E9AD /* LandmarkBookUITests */ = {
			isa = PBXGroup;
			children = (
				56D16C162B5FDD0C0086E9AD /* LandmarkBookUITests.swift */,
				56D16C182B5FDD0C0086E9AD /* LandmarkBookUITestsLaunchTests.swift */,
			);
			path = LandmarkBookUITests;
			sourceTree = "<group>";
		};
/* End PBXGroup section */

/* Begin PBXNativeTarget section */
		56D16BF12B5FDD0A0086E9AD /* LandmarkBook */ = {
			isa = PBXNativeTarget;
			buildConfigurationList = 56D16C1C2B5FDD0C0086E9AD /* Build configuration list for PBXNativeTarget "LandmarkBook" */;
			buildPhases = (
				56D16BEE2B5FDD0A0086E9AD /* Sources */,
				56D16BEF2B5FDD0A0086E9AD /* Frameworks */,
				56D16BF02B5FDD0A0086E9AD /* Resources */,
			);
			buildRules = (
			);
			dependencies = (
			);
			name = LandmarkBook;
			productName = LandmarkBook;
			productReference = 56D16BF22B5FDD0A0086E9AD /* LandmarkBook.app */;
			productType = "com.apple.product-type.application";
		};
		56D16C072B5FDD0C0086E9AD /* LandmarkBookTests */ = {
			isa = PBXNativeTarget;
			buildConfigurationList = 56D16C1F2B5FDD0C0086E9AD /* Build configuration list for PBXNativeTarget "LandmarkBookTests" */;
			buildPhases = (
				56D16C042B5FDD0C0086E9AD /* Sources */,
				56D16C052B5FDD0C0086E9AD /* Frameworks */,
				56D16C062B5FDD0C0086E9AD /* Resources */,
			);
			buildRules = (
			);
			dependencies = (
				56D16C0A2B5FDD0C0086E9AD /* PBXTargetDependency */,
			);
			name = LandmarkBookTests;
			productName = LandmarkBookTests;
			productReference = 56D16C082B5FDD0C0086E9AD /* LandmarkBookTests.xctest */;
			productType = "com.apple.product-type.bundle.unit-test";
		};
		56D16C112B5FDD0C0086E9AD /* LandmarkBookUITests */ = {
			isa = PBXNativeTarget;
			buildConfigurationList = 56D16C222B5FDD0C0086E9AD /* Build configuration list for PBXNativeTarget "LandmarkBookUITests" */;
			buildPhases = (
				56D16C0E2B5FDD0C0086E9AD /* Sources */,
				56D16C0F2B5FDD0C0086E9AD /* Frameworks */,
				56D16C102B5FDD0C0086E9AD /* Resources */,
			);
			buildRules = (
			);
			dependencies = (
				56D16C142B5FDD0C0086E9AD /* PBXTargetDependency */,
			);
			name = LandmarkBookUITests;
			productName = LandmarkBookUITests;
			productReference = 56D16C122B5FDD0C0086E9AD /* LandmarkBookUITests.xctest */;
			productType = "com.apple.product-type.bundle.ui-testing";
		};
/* End PBXNativeTarget section */

/* Begin PBXProject section */
		56D16BEA2B5FDD0A0086E9AD /* Project object */ = {
			isa = PBXProject;
			attributes = {
				BuildIndependentTargetsInParallel = 1;
				LastSwiftUpdateCheck = 1400;
				LastUpgradeCheck = 1400;
				TargetAttributes = {
					56D16BF12B5FDD0A0086E9AD = {
						CreatedOnToolsVersion = 14.0.1;
					};
					56D16C072B5FDD0C0086E9AD = {
						CreatedOnToolsVersion = 14.0.1;
						TestTargetID = 56D16BF12B5FDD0A0086E9AD;
					};
					56D16C112B5FDD0C0086E9AD = {
						CreatedOnToolsVersion = 14.0.1;
						TestTargetID = 56D16BF12B5FDD0A0086E9AD;
					};
				};
			};
			buildConfigurationList = 56D16BED2B5FDD0A0086E9AD /* Build configuration list for PBXProject "LandmarkBook" */;
			compatibilityVersion = "Xcode 14.0";
			developmentRegion = en;
			hasScannedForEncodings = 0;
			knownRegions = (
				en,
				Base,
			);
			mainGroup = 56D16BE92B5FDD0A0086E9AD;
			productRefGroup = 56D16BF32B5FDD0A0086E9AD /* Products */;
			projectDirPath = "";
			projectRoot = "";
			targets = (
				56D16BF12B5FDD0A0086E9AD /* LandmarkBook */,
				56D16C072B5FDD0C0086E9AD /* LandmarkBookTests */,
				56D16C112B5FDD0C0086E9AD /* LandmarkBookUITests */,
			);
		};
/* End PBXProject section */

/* Begin PBXResourcesBuildPhase section */
		56D16BF02B5FDD0A0086E9AD /* Resources */ = {
			isa = PBXResourcesBuildPhase;
			buildActionMask = 2147483647;
			files = (
				56D16C022B5FDD0C0086E9AD /* LaunchScreen.storyboard in Resources */,
				56D16BFF2B5FDD0C0086E9AD /* Assets.xcassets in Resources */,
				56D16BFD2B5FDD0A0086E9AD /* Main.storyboard in Resources */,
			);
			runOnlyForDeploymentPostprocessing = 0;
		};
		56D16C062B5FDD0C0086E9AD /* Resources */ = {
			isa = PBXResourcesBuildPhase;
			buildActionMask = 2147483647;
			files = (
			);
			runOnlyForDeploymentPostprocessing = 0;
		};
		56D16C102B5FDD0C0086E9AD /* Resources */ = {
			isa = PBXResourcesBuildPhase;
			buildActionMask = 2147483647;
			files = (
			);
			runOnlyForDeploymentPostprocessing = 0;
		};
/* End PBXResourcesBuildPhase section */

/* Begin PBXSourcesBuildPhase section */
		56D16BEE2B5FDD0A0086E9AD /* Sources */ = {
			isa = PBXSourcesBuildPhase;
			buildActionMask = 2147483647;
			files = (
				56D16BFA2B5FDD0A0086E9AD /* ViewController.swift in Sources */,
				56D16C262B6002850086E9AD /* DetailsVC.swift in Sources */,
				56D16BF62B5FDD0A0086E9AD /* AppDelegate.swift in Sources */,
				56D16BF82B5FDD0A0086E9AD /* SceneDelegate.swift in Sources */,
			);
			runOnlyForDeploymentPostprocessing = 0;
		};
		56D16C042B5FDD0C0086E9AD /* Sources */ = {
			isa = PBXSourcesBuildPhase;
			buildActionMask = 2147483647;
			files = (
				56D16C0D2B5FDD0C0086E9AD /* LandmarkBookTests.swift in Sources */,
			);
			runOnlyForDeploymentPostprocessing = 0;
		};
		56D16C0E2B5FDD0C0086E9AD /* Sources */ = {
			isa = PBXSourcesBuildPhase;
			buildActionMask = 2147483647;
			files = (
				56D16C172B5FDD0C0086E9AD /* LandmarkBookUITests.swift in Sources */,
				56D16C192B5FDD0C0086E9AD /* LandmarkBookUITestsLaunchTests.swift in Sources */,
			);
			runOnlyForDeploymentPostprocessing = 0;
		};
/* End PBXSourcesBuildPhase section */

/* Begin PBXTargetDependency section */
		56D16C0A2B5FDD0C0086E9AD /* PBXTargetDependency */ = {
			isa = PBXTargetDependency;
			target = 56D16BF12B5FDD0A0086E9AD /* LandmarkBook */;
			targetProxy = 56D16C092B5FDD0C0086E9AD /* PBXContainerItemProxy */;
		};
		56D16C142B5FDD0C0086E9AD /* PBXTargetDependency */ = {
			isa = PBXTargetDependency;
			target = 56D16BF12B5FDD0A0086E9AD /* LandmarkBook */;
			targetProxy = 56D16C132B5FDD0C0086E9AD /* PBXContainerItemProxy */;
		};
/* End PBXTargetDependency section */

/* Begin PBXVariantGroup section */
		56D16BFB2B5FDD0A0086E9AD /* Main.storyboard */ = {
			isa = PBXVariantGroup;
			children = (
				56D16BFC2B5FDD0A0086E9AD /* Base */,
			);
			name = Main.storyboard;
			sourceTree = "<group>";
		};
		56D16C002B5FDD0C0086E9AD /* LaunchScreen.storyboard */ = {
			isa = PBXVariantGroup;
			children = (
				56D16C012B5FDD0C0086E9AD /* Base */,
			);
			name = LaunchScreen.storyboard;
			sourceTree = "<group>";
		};
/* End PBXVariantGroup section */

/* Begin XCBuildConfiguration section */
		56D16C1A2B5FDD0C0086E9AD /* Debug */ = {
			isa = XCBuildConfiguration;
			buildSettings = {
				ALWAYS_SEARCH_USER_PATHS = NO;
				CLANG_ANALYZER_NONNULL = YES;
				CLANG_ANALYZER_NUMBER_OBJECT_CONVERSION = YES_AGGRESSIVE;
				CLANG_CXX_LANGUAGE_STANDARD = "gnu++20";
				CLANG_ENABLE_MODULES = YES;
				CLANG_ENABLE_OBJC_ARC = YES;
				CLANG_ENABLE_OBJC_WEAK = YES;
				CLANG_WARN_BLOCK_CAPTURE_AUTORELEASING = YES;
				CLANG_WARN_BOOL_CONVERSION = YES;
				CLANG_WARN_COMMA = YES;
				CLANG_WARN_CONSTANT_CONVERSION = YES;
				CLANG_WARN_DEPRECATED_OBJC_IMPLEMENTATIONS = YES;
				CLANG_WARN_DIRECT_OBJC_ISA_USAGE = YES_ERROR;
				CLANG_WARN_DOCUMENTATION_COMMENTS = YES;
				CLANG_WARN_EMPTY_BODY = YES;
				CLANG_WARN_ENUM_CONVERSION = YES;
				CLANG_WARN_INFINITE_RECURSION = YES;
				CLANG_WARN_INT_CONVERSION = YES;
				CLANG_WARN_NON_LITERAL_NULL_CONVERSION = YES;
				CLANG_WARN_OBJC_IMPLICIT_RETAIN_SELF = YES;
				CLANG_WARN_OBJC_LITERAL_CONVERSION = YES;
				CLANG_WARN_OBJC_ROOT_CLASS = YES_ERROR;
				CLANG_WARN_QUOTED_INCLUDE_IN_FRAMEWORK_HEADER = YES;
				CLANG_WARN_RANGE_LOOP_ANALYSIS = YES;
				CLANG_WARN_STRICT_PROTOTYPES = YES;
				CLANG_WARN_SUSPICIOUS_MOVE = YES;
				CLANG_WARN_UNGUARDED_AVAILABILITY = YES_AGGRESSIVE;
				CLANG_WARN_UNREACHABLE_CODE = YES;
				CLANG_WARN__DUPLICATE_METHOD_MATCH = YES;
				COPY_PHASE_STRIP = NO;
				DEBUG_INFORMATION_FORMAT = dwarf;
				ENABLE_STRICT_OBJC_MSGSEND = YES;
				ENABLE_TESTABILITY = YES;
				GCC_C_LANGUAGE_STANDARD = gnu11;
				GCC_DYNAMIC_NO_PIC = NO;
				GCC_NO_COMMON_BLOCKS = YES;
				GCC_OPTIMIZATION_LEVEL = 0;
				GCC_PREPROCESSOR_DEFINITIONS = (
					"DEBUG=1",
					"$(inherited)",
				);
				GCC_WARN_64_TO_32_BIT_CONVERSION = YES;
				GCC_WARN_ABOUT_RETURN_TYPE = YES_ERROR;
				GCC_WARN_UNDECLARED_SELECTOR = YES;
				GCC_WARN_UNINITIALIZED_AUTOS = YES_AGGRESSIVE;
				GCC_WARN_UNUSED_FUNCTION = YES;
				GCC_WARN_UNUSED_VARIABLE = YES;
				IPHONEOS_DEPLOYMENT_TARGET = 16.0;
				MTL_ENABLE_DEBUG_INFO = INCLUDE_SOURCE;
				MTL_FAST_MATH = YES;
				ONLY_ACTIVE_ARCH = YES;
				SDKROOT = iphoneos;
				SWIFT_ACTIVE_COMPILATION_CONDITIONS = DEBUG;
				SWIFT_OPTIMIZATION_LEVEL = "-Onone";
			};
			name = Debug;
		};
		56D16C1B2B5FDD0C0086E9AD /* Release */ = {
			isa = XCBuildConfiguration;
			buildSettings = {
				ALWAYS_SEARCH_USER_PATHS = NO;
				CLANG_ANALYZER_NONNULL = YES;
				CLANG_ANALYZER_NUMBER_OBJECT_CONVERSION = YES_AGGRESSIVE;
				CLANG_CXX_LANGUAGE_STANDARD = "gnu++20";
				CLANG_ENABLE_MODULES = YES;
				CLANG_ENABLE_OBJC_ARC = YES;
				CLANG_ENABLE_OBJC_WEAK = YES;
				CLANG_WARN_BLOCK_CAPTURE_AUTORELEASING = YES;
				CLANG_WARN_BOOL_CONVERSION = YES;
				CLANG_WARN_COMMA = YES;
				CLANG_WARN_CONSTANT_CONVERSION = YES;
				CLANG_WARN_DEPRECATED_OBJC_IMPLEMENTATIONS = YES;
				CLANG_WARN_DIRECT_OBJC_ISA_USAGE = YES_ERROR;
				CLANG_WARN_DOCUMENTATION_COMMENTS = YES;
				CLANG_WARN_EMPTY_BODY = YES;
				CLANG_WARN_ENUM_CONVERSION = YES;
				CLANG_WARN_INFINITE_RECURSION = YES;
				CLANG_WARN_INT_CONVERSION = YES;
				CLANG_WARN_NON_LITERAL_NULL_CONVERSION = YES;
				CLANG_WARN_OBJC_IMPLICIT_RETAIN_SELF = YES;
				CLANG_WARN_OBJC_LITERAL_CONVERSION = YES;
				CLANG_WARN_OBJC_ROOT_CLASS = YES_ERROR;
				CLANG_WARN_QUOTED_INCLUDE_IN_FRAMEWORK_HEADER = YES;
				CLANG_WARN_RANGE_LOOP_ANALYSIS = YES;
				CLANG_WARN_STRICT_PROTOTYPES = YES;
				CLANG_WARN_SUSPICIOUS_MOVE = YES;
				CLANG_WARN_UNGUARDED_AVAILABILITY = YES_AGGRESSIVE;
				CLANG_WARN_UNREACHABLE_CODE = YES;
				CLANG_WARN__DUPLICATE_METHOD_MATCH = YES;
				COPY_PHASE_STRIP = NO;
				DEBUG_INFORMATION_FORMAT = "dwarf-with-dsym";
				ENABLE_NS_ASSERTIONS = NO;
				ENABLE_STRICT_OBJC_MSGSEND = YES;
				GCC_C_LANGUAGE_STANDARD = gnu11;
				GCC_NO_COMMON_BLOCKS = YES;
				GCC_WARN_64_TO_32_BIT_CONVERSION = YES;
				GCC_WARN_ABOUT_RETURN_TYPE = YES_ERROR;
				GCC_WARN_UNDECLARED_SELECTOR = YES;
				GCC_WARN_UNINITIALIZED_AUTOS = YES_AGGRESSIVE;
				GCC_WARN_UNUSED_FUNCTION = YES;
				GCC_WARN_UNUSED_VARIABLE = YES;
				IPHONEOS_DEPLOYMENT_TARGET = 16.0;
				MTL_ENABLE_DEBUG_INFO = NO;
				MTL_FAST_MATH = YES;
				SDKROOT = iphoneos;
				SWIFT_COMPILATION_MODE = wholemodule;
				SWIFT_OPTIMIZATION_LEVEL = "-O";
				VALIDATE_PRODUCT = YES;
			};
			name = Release;
		};
		56D16C1D2B5FDD0C0086E9AD /* Debug */ = {
			isa = XCBuildConfiguration;
			buildSettings = {
				ASSETCATALOG_COMPILER_APPICON_NAME = AppIcon;
				ASSETCATALOG_COMPILER_GLOBAL_ACCENT_COLOR_NAME = AccentColor;
				CODE_SIGN_STYLE = Automatic;
				CURRENT_PROJECT_VERSION = 1;
				GENERATE_INFOPLIST_FILE = YES;
				INFOPLIST_FILE = LandmarkBook/Info.plist;
				INFOPLIST_KEY_UIApplicationSupportsIndirectInputEvents = YES;
				INFOPLIST_KEY_UILaunchStoryboardName = LaunchScreen;
				INFOPLIST_KEY_UIMainStoryboardFile = Main;
				INFOPLIST_KEY_UISupportedInterfaceOrientations_iPad = "UIInterfaceOrientationPortrait UIInterfaceOrientationPortraitUpsideDown UIInterfaceOrientationLandscapeLeft UIInterfaceOrientationLandscapeRight";
				INFOPLIST_KEY_UISupportedInterfaceOrientations_iPhone = "UIInterfaceOrientationPortrait UIInterfaceOrientationLandscapeLeft UIInterfaceOrientationLandscapeRight";
				LD_RUNPATH_SEARCH_PATHS = (
					"$(inherited)",
					"@executable_path/Frameworks",
				);
				MARKETING_VERSION = 1.0;
				PRODUCT_BUNDLE_IDENTIFIER = com.ecos.LandmarkBook;
				PRODUCT_NAME = "$(TARGET_NAME)";
				SWIFT_EMIT_LOC_STRINGS = YES;
				SWIFT_VERSION = 5.0;
				TARGETED_DEVICE_FAMILY = "1,2";
			};
			name = Debug;
		};
		56D16C1E2B5FDD0C0086E9AD /* Release */ = {
			isa = XCBuildConfiguration;
			buildSettings = {
				ASSETCATALOG_COMPILER_APPICON_NAME = AppIcon;
				ASSETCATALOG_COMPILER_GLOBAL_ACCENT_COLOR_NAME = AccentColor;
				CODE_SIGN_STYLE = Automatic;
				CURRENT_PROJECT_VERSION = 1;
				GENERATE_INFOPLIST_FILE = YES;
				INFOPLIST_FILE = LandmarkBook/Info.plist;
				INFOPLIST_KEY_UIApplicationSupportsIndirectInputEvents = YES;
				INFOPLIST_KEY_UILaunchStoryboardName = LaunchScreen;
				INFOPLIST_KEY_UIMainStoryboardFile = Main;
				INFOPLIST_KEY_UISupportedInterfaceOrientations_iPad = "UIInterfaceOrientationPortrait UIInterfaceOrientationPortraitUpsideDown UIInterfaceOrientationLandscapeLeft UIInterfaceOrientationLandscapeRight";
				INFOPLIST_KEY_UISupportedInterfaceOrientations_iPhone = "UIInterfaceOrientationPortrait UIInterfaceOrientationLandscapeLeft UIInterfaceOrientationLandscapeRight";
				LD_RUNPATH_SEARCH_PATHS = (
					"$(inherited)",
					"@executable_path/Frameworks",
				);
				MARKETING_VERSION = 1.0;
				PRODUCT_BUNDLE_IDENTIFIER = com.ecos.LandmarkBook;
				PRODUCT_NAME = "$(TARGET_NAME)";
				SWIFT_EMIT_LOC_STRINGS = YES;
				SWIFT_VERSION = 5.0;
				TARGETED_DEVICE_FAMILY = "1,2";
			};
			name = Release;
		};
		56D16C202B5FDD0C0086E9AD /* Debug */ = {
			isa = XCBuildConfiguration;
			buildSettings = {
				ALWAYS_EMBED_SWIFT_STANDARD_LIBRARIES = YES;
				BUNDLE_LOADER = "$(TEST_HOST)";
				CODE_SIGN_STYLE = Automatic;
				CURRENT_PROJECT_VERSION = 1;
				GENERATE_INFOPLIST_FILE = YES;
				IPHONEOS_DEPLOYMENT_TARGET = 16.0;
				MARKETING_VERSION = 1.0;
				PRODUCT_BUNDLE_IDENTIFIER = com.ecos.LandmarkBookTests;
				PRODUCT_NAME = "$(TARGET_NAME)";
				SWIFT_EMIT_LOC_STRINGS = NO;
				SWIFT_VERSION = 5.0;
				TARGETED_DEVICE_FAMILY = "1,2";
				TEST_HOST = "$(BUILT_PRODUCTS_DIR)/LandmarkBook.app/$(BUNDLE_EXECUTABLE_FOLDER_PATH)/LandmarkBook";
			};
			name = Debug;
		};
		56D16C212B5FDD0C0086E9AD /* Release */ = {
			isa = XCBuildConfiguration;
			buildSettings = {
				ALWAYS_EMBED_SWIFT_STANDARD_LIBRARIES = YES;
				BUNDLE_LOADER = "$(TEST_HOST)";
				CODE_SIGN_STYLE = Automatic;
				CURRENT_PROJECT_VERSION = 1;
				GENERATE_INFOPLIST_FILE = YES;
				IPHONEOS_DEPLOYMENT_TARGET = 16.0;
				MARKETING_VERSION = 1.0;
				PRODUCT_BUNDLE_IDENTIFIER = com.ecos.LandmarkBookTests;
				PRODUCT_NAME = "$(TARGET_NAME)";
				SWIFT_EMIT_LOC_STRINGS = NO;
				SWIFT_VERSION = 5.0;
				TARGETED_DEVICE_FAMILY = "1,2";
				TEST_HOST = "$(BUILT_PRODUCTS_DIR)/LandmarkBook.app/$(BUNDLE_EXECUTABLE_FOLDER_PATH)/LandmarkBook";
			};
			name = Release;
		};
		56D16C232B5FDD0C0086E9AD /* Debug */ = {
			isa = XCBuildConfiguration;
			buildSettings = {
				ALWAYS_EMBED_SWIFT_STANDARD_LIBRARIES = YES;
				CODE_SIGN_STYLE = Automatic;
				CURRENT_PROJECT_VERSION = 1;
				GENERATE_INFOPLIST_FILE = YES;
				MARKETING_VERSION = 1.0;
				PRODUCT_BUNDLE_IDENTIFIER = com.ecos.LandmarkBookUITests;
				PRODUCT_NAME = "$(TARGET_NAME)";
				SWIFT_EMIT_LOC_STRINGS = NO;
				SWIFT_VERSION = 5.0;
				TARGETED_DEVICE_FAMILY = "1,2";
				TEST_TARGET_NAME = LandmarkBook;
			};
			name = Debug;
		};
		56D16C242B5FDD0C0086E9AD /* Release */ = {
			isa = XCBuildConfiguration;
			buildSettings = {
				ALWAYS_EMBED_SWIFT_STANDARD_LIBRARIES = YES;
				CODE_SIGN_STYLE = Automatic;
				CURRENT_PROJECT_VERSION = 1;
				GENERATE_INFOPLIST_FILE = YES;
				MARKETING_VERSION = 1.0;
				PRODUCT_BUNDLE_IDENTIFIER = com.ecos.LandmarkBookUITests;
				PRODUCT_NAME = "$(TARGET_NAME)";
				SWIFT_EMIT_LOC_STRINGS = NO;
				SWIFT_VERSION = 5.0;
				TARGETED_DEVICE_FAMILY = "1,2";
				TEST_TARGET_NAME = LandmarkBook;
			};
			name = Release;
		};
/* End XCBuildConfiguration section */

/* Begin XCConfigurationList section */
		56D16BED2B5FDD0A0086E9AD /* Build configuration list for PBXProject "LandmarkBook" */ = {
			isa = XCConfigurationList;
			buildConfigurations = (
				56D16C1A2B5FDD0C0086E9AD /* Debug */,
				56D16C1B2B5FDD0C0086E9AD /* Release */,
			);
			defaultConfigurationIsVisible = 0;
			defaultConfigurationName = Release;
		};
		56D16C1C2B5FDD0C0086E9AD /* Build configuration list for PBXNativeTarget "LandmarkBook" */ = {
			isa = XCConfigurationList;
			buildConfigurations = (
				56D16C1D2B5FDD0C0086E9AD /* Debug */,
				56D16C1E2B5FDD0C0086E9AD /* Release */,
			);
			defaultConfigurationIsVisible = 0;
			defaultConfigurationName = Release;
		};
		56D16C1F2B5FDD0C0086E9AD /* Build configuration list for PBXNativeTarget "LandmarkBookTests" */ = {
			isa = XCConfigurationList;
			buildConfigurations = (
				56D16C202B5FDD0C0086E9AD /* Debug */,
				56D16C212B5FDD0C0086E9AD /* Release */,
			);
			defaultConfigurationIsVisible = 0;
			defaultConfigurationName = Release;
		};
		56D16C222B5FDD0C0086E9AD /* Build configuration list for PBXNativeTarget "LandmarkBookUITests" */ = {
			isa = XCConfigurationList;
			buildConfigurations = (
				56D16C232B5FDD0C0086E9AD /* Debug */,
				56D16C242B5FDD0C0086E9AD /* Release */,
			);
			defaultConfigurationIsVisible = 0;
			defaultConfigurationName = Release;
		};
/* End XCConfigurationList section */
	};
	rootObject = 56D16BEA2B5FDD0A0086E9AD /* Project object */;
}
